schema: '2.0'
stages:
  download:
    cmd: python code/download.py
    deps:
    - path: code/download.py
      hash: md5
      md5: a0b4fee6f0df6a2d55adaec14054add9
      size: 2205
    params:
      params.yaml:
        data_source.base_url: https://www.ncei.noaa.gov/data/local-climatological-data/access/
        data_source.max_files: 3
        data_source.output: 
          C:/Users/sriva/OneDrive/Documents/Github/Assignment4_BDL/Climate_dataset{year}.html
        data_source.temp_dir: C:/Users/sriva/OneDrive/Documents/Github/Assignment4_BDL/data
        data_source.year: 2019
    outs:
    - path: data
      hash: md5
      md5: ab8b93c19b497566387895339b70a35d.dir
      size: 143960380
      nfiles: 3
  prepare:
    cmd: python code/prepare.py
    deps:
    - path: code/prepare.py
      hash: md5
      md5: d7275d7fc82dd83149f2a61bb53c02a3
      size: 1983
    - path: data
      hash: md5
      md5: ab8b93c19b497566387895339b70a35d.dir
      size: 143960380
      nfiles: 3
    params:
      params.yaml:
        data_prepare.dest_folder: C:/Users/sriva/OneDrive/Documents/Github/Assignment4_BDL/prepare_data
        data_source.temp_dir: C:/Users/sriva/OneDrive/Documents/Github/Assignment4_BDL/data
    outs:
    - path: prepare_data
      hash: md5
      md5: ad212a80331d946c583c2d2801ebefb7.dir
      size: 8843
      nfiles: 6
  process:
    cmd: python code/process.py
    deps:
    - path: code/process.py
      hash: md5
      md5: 1a6c7c84527b839977d4c4e4bee7b220
      size: 2808
    - path: data
      hash: md5
      md5: ab8b93c19b497566387895339b70a35d.dir
      size: 143960380
      nfiles: 3
    - path: prepare_data
      hash: md5
      md5: ad212a80331d946c583c2d2801ebefb7.dir
      size: 8843
      nfiles: 6
    params:
      params.yaml:
        data_prepare.dest_folder: C:/Users/sriva/OneDrive/Documents/Github/Assignment4_BDL/prepare_data
        data_process.dest_folder: C:/Users/sriva/OneDrive/Documents/Github/Assignment4_BDL/process_data
        data_source.temp_dir: C:/Users/sriva/OneDrive/Documents/Github/Assignment4_BDL/data
    outs:
    - path: process_data
      hash: md5
      md5: 5347738a7afbec0900308236d9099f0b.dir
      size: 3247
      nfiles: 3
  evaluate:
    cmd: python code/evaluate.py
    deps:
    - path: code/evaluate.py
      hash: md5
      md5: ffef48de02acc33789ac6d8e74286d88
      size: 2089
    - path: prepare_data
      hash: md5
      md5: ad212a80331d946c583c2d2801ebefb7.dir
      size: 8843
      nfiles: 6
    - path: process_data
      hash: md5
      md5: 5347738a7afbec0900308236d9099f0b.dir
      size: 3247
      nfiles: 3
    params:
      params.yaml:
        data_prepare.dest_folder: C:/Users/sriva/OneDrive/Documents/Github/Assignment4_BDL/prepare_data
        data_process.dest_folder: C:/Users/sriva/OneDrive/Documents/Github/Assignment4_BDL/process_data
        evaluate.output: C:/Users/sriva/OneDrive/Documents/Github/Assignment4_BDL/output
    outs:
    - path: output
      hash: md5
      md5: 8b18d2fd4e09ed44eece7be41439a8d8.dir
      size: 271
      nfiles: 3
